
Microsoft Visual Studio Solution File, Format Version 12.00
# Visual Studio Version 17
VisualStudioVersion = 17.7.34003.232
MinimumVisualStudioVersion = 10.0.40219.1
Project("{FAE04EC0-301F-11D3-BF4B-00C04F79EFBC}") = "Gini.Entidades", "Gini.Entidades\Gini.Entidades.csproj", "{E0985A27-4EFA-4C2B-9FD7-A3907FD7CAEB}"
EndProject
Project("{FAE04EC0-301F-11D3-BF4B-00C04F79EFBC}") = "Gini.Datos", "Gini.Datos\Gini.Datos.csproj", "{48C07CB7-E9CE-4DF8-9047-AC0946F9F79B}"
EndProject
Project("{FAE04EC0-301F-11D3-BF4B-00C04F79EFBC}") = "Gini.Negocio", "Gini.Negocio\Gini.Negocio.csproj", "{C51B61FF-11E6-4AD3-89FA-8A3728774BCE}"
EndProject
Project("{FAE04EC0-301F-11D3-BF4B-00C04F79EFBC}") = "Gini.Escritorio", "Gini.Escritorio\Gini.Escritorio.csproj", "{558924C4-8720-4A43-90E9-4ADAEC43B070}"
EndProject
Global
	GlobalSection(SolutionConfigurationPlatforms) = preSolution
		Debug|Any CPU = Debug|Any CPU
		Release|Any CPU = Release|Any CPU
	EndGlobalSection
	GlobalSection(ProjectConfigurationPlatforms) = postSolution
		{E0985A27-4EFA-4C2B-9FD7-A3907FD7CAEB}.Debug|Any CPU.ActiveCfg = Debug|Any CPU
		{E0985A27-4EFA-4C2B-9FD7-A3907FD7CAEB}.Debug|Any CPU.Build.0 = Debug|Any CPU
		{E0985A27-4EFA-4C2B-9FD7-A3907FD7CAEB}.Release|Any CPU.ActiveCfg = Release|Any CPU
		{E0985A27-4EFA-4C2B-9FD7-A3907FD7CAEB}.Release|Any CPU.Build.0 = Release|Any CPU
		{48C07CB7-E9CE-4DF8-9047-AC0946F9F79B}.Debug|Any CPU.ActiveCfg = Debug|Any CPU
		{48C07CB7-E9CE-4DF8-9047-AC0946F9F79B}.Debug|Any CPU.Build.0 = Debug|Any CPU
		{48C07CB7-E9CE-4DF8-9047-AC0946F9F79B}.Release|Any CPU.ActiveCfg = Release|Any CPU
		{48C07CB7-E9CE-4DF8-9047-AC0946F9F79B}.Release|Any CPU.Build.0 = Release|Any CPU
		{C51B61FF-11E6-4AD3-89FA-8A3728774BCE}.Debug|Any CPU.ActiveCfg = Debug|Any CPU
		{C51B61FF-11E6-4AD3-89FA-8A3728774BCE}.Debug|Any CPU.Build.0 = Debug|Any CPU
		{C51B61FF-11E6-4AD3-89FA-8A3728774BCE}.Release|Any CPU.ActiveCfg = Release|Any CPU
		{C51B61FF-11E6-4AD3-89FA-8A3728774BCE}.Release|Any CPU.Build.0 = Release|Any CPU
		{558924C4-8720-4A43-90E9-4ADAEC43B070}.Debug|Any CPU.ActiveCfg = Debug|Any CPU
		{558924C4-8720-4A43-90E9-4ADAEC43B070}.Debug|Any CPU.Build.0 = Debug|Any CPU
		{558924C4-8720-4A43-90E9-4ADAEC43B070}.Release|Any CPU.ActiveCfg = Release|Any CPU
		{558924C4-8720-4A43-90E9-4ADAEC43B070}.Release|Any CPU.Build.0 = Release|Any CPU
	EndGlobalSection
	GlobalSection(SolutionProperties) = preSolution
		HideSolutionNode = FALSE
	EndGlobalSection
	GlobalSection(ExtensibilityGlobals) = postSolution
		SolutionGuid = {1542CFD8-0628-441F-BB68-279C30132802}
	EndGlobalSection
EndGlobal
