
Microsoft Visual Studio Solution File, Format Version 12.00
# Visual Studio Version 17
VisualStudioVersion = 17.7.34003.232
MinimumVisualStudioVersion = 10.0.40219.1
Project("{FAE04EC0-301F-11D3-BF4B-00C04F79EFBC}") = "Entidades", "Entidades\Entidades.csproj", "{ED88EDCD-D1DB-413E-ACA1-9CDEC9BAB9D3}"
EndProject
Project("{FAE04EC0-301F-11D3-BF4B-00C04F79EFBC}") = "Datos", "Datos\Datos.csproj", "{CD4CC49F-57B8-4CB5-B165-3E35DC609794}"
EndProject
Project("{FAE04EC0-301F-11D3-BF4B-00C04F79EFBC}") = "Negocio", "Negocio\Negocio.csproj", "{10F6316E-F78E-4004-935D-1DD13EC50F80}"
EndProject
Project("{FAE04EC0-301F-11D3-BF4B-00C04F79EFBC}") = "Escritorio", "Escritorio\Escritorio.csproj", "{FA4167D0-11AA-4F4C-AB2A-0E430890A88F}"
EndProject
Global
	GlobalSection(SolutionConfigurationPlatforms) = preSolution
		Debug|Any CPU = Debug|Any CPU
		Release|Any CPU = Release|Any CPU
	EndGlobalSection
	GlobalSection(ProjectConfigurationPlatforms) = postSolution
		{ED88EDCD-D1DB-413E-ACA1-9CDEC9BAB9D3}.Debug|Any CPU.ActiveCfg = Debug|Any CPU
		{ED88EDCD-D1DB-413E-ACA1-9CDEC9BAB9D3}.Debug|Any CPU.Build.0 = Debug|Any CPU
		{ED88EDCD-D1DB-413E-ACA1-9CDEC9BAB9D3}.Release|Any CPU.ActiveCfg = Release|Any CPU
		{ED88EDCD-D1DB-413E-ACA1-9CDEC9BAB9D3}.Release|Any CPU.Build.0 = Release|Any CPU
		{CD4CC49F-57B8-4CB5-B165-3E35DC609794}.Debug|Any CPU.ActiveCfg = Debug|Any CPU
		{CD4CC49F-57B8-4CB5-B165-3E35DC609794}.Debug|Any CPU.Build.0 = Debug|Any CPU
		{CD4CC49F-57B8-4CB5-B165-3E35DC609794}.Release|Any CPU.ActiveCfg = Release|Any CPU
		{CD4CC49F-57B8-4CB5-B165-3E35DC609794}.Release|Any CPU.Build.0 = Release|Any CPU
		{10F6316E-F78E-4004-935D-1DD13EC50F80}.Debug|Any CPU.ActiveCfg = Debug|Any CPU
		{10F6316E-F78E-4004-935D-1DD13EC50F80}.Debug|Any CPU.Build.0 = Debug|Any CPU
		{10F6316E-F78E-4004-935D-1DD13EC50F80}.Release|Any CPU.ActiveCfg = Release|Any CPU
		{10F6316E-F78E-4004-935D-1DD13EC50F80}.Release|Any CPU.Build.0 = Release|Any CPU
		{FA4167D0-11AA-4F4C-AB2A-0E430890A88F}.Debug|Any CPU.ActiveCfg = Debug|Any CPU
		{FA4167D0-11AA-4F4C-AB2A-0E430890A88F}.Debug|Any CPU.Build.0 = Debug|Any CPU
		{FA4167D0-11AA-4F4C-AB2A-0E430890A88F}.Release|Any CPU.ActiveCfg = Release|Any CPU
		{FA4167D0-11AA-4F4C-AB2A-0E430890A88F}.Release|Any CPU.Build.0 = Release|Any CPU
	EndGlobalSection
	GlobalSection(SolutionProperties) = preSolution
		HideSolutionNode = FALSE
	EndGlobalSection
	GlobalSection(ExtensibilityGlobals) = postSolution
		SolutionGuid = {61CE3239-1536-4638-B999-38188A4B31BB}
	EndGlobalSection
EndGlobal
