
Microsoft Visual Studio Solution File, Format Version 12.00
# Visual Studio Version 17
VisualStudioVersion = 17.7.34003.232
MinimumVisualStudioVersion = 10.0.40219.1
Project("{FAE04EC0-301F-11D3-BF4B-00C04F79EFBC}") = "Entidades", "Entidades\Entidades.csproj", "{BC628053-C073-47A0-BA00-4E89A1C0804A}"
EndProject
Project("{FAE04EC0-301F-11D3-BF4B-00C04F79EFBC}") = "Datos", "Datos\Datos.csproj", "{1DDCE1EE-6469-49FF-8983-1FB50F9ECB3F}"
EndProject
Project("{FAE04EC0-301F-11D3-BF4B-00C04F79EFBC}") = "Negocio", "Negocio\Negocio.csproj", "{6F1C4E8A-ABFD-4FBA-9C9D-28F2672B1509}"
EndProject
Project("{FAE04EC0-301F-11D3-BF4B-00C04F79EFBC}") = "Escritorio", "Escritorio\Escritorio.csproj", "{7B48FC27-8218-4990-9A06-ACFD9610D843}"
EndProject
Global
	GlobalSection(SolutionConfigurationPlatforms) = preSolution
		Debug|Any CPU = Debug|Any CPU
		Release|Any CPU = Release|Any CPU
	EndGlobalSection
	GlobalSection(ProjectConfigurationPlatforms) = postSolution
		{BC628053-C073-47A0-BA00-4E89A1C0804A}.Debug|Any CPU.ActiveCfg = Debug|Any CPU
		{BC628053-C073-47A0-BA00-4E89A1C0804A}.Debug|Any CPU.Build.0 = Debug|Any CPU
		{BC628053-C073-47A0-BA00-4E89A1C0804A}.Release|Any CPU.ActiveCfg = Release|Any CPU
		{BC628053-C073-47A0-BA00-4E89A1C0804A}.Release|Any CPU.Build.0 = Release|Any CPU
		{1DDCE1EE-6469-49FF-8983-1FB50F9ECB3F}.Debug|Any CPU.ActiveCfg = Debug|Any CPU
		{1DDCE1EE-6469-49FF-8983-1FB50F9ECB3F}.Debug|Any CPU.Build.0 = Debug|Any CPU
		{1DDCE1EE-6469-49FF-8983-1FB50F9ECB3F}.Release|Any CPU.ActiveCfg = Release|Any CPU
		{1DDCE1EE-6469-49FF-8983-1FB50F9ECB3F}.Release|Any CPU.Build.0 = Release|Any CPU
		{6F1C4E8A-ABFD-4FBA-9C9D-28F2672B1509}.Debug|Any CPU.ActiveCfg = Debug|Any CPU
		{6F1C4E8A-ABFD-4FBA-9C9D-28F2672B1509}.Debug|Any CPU.Build.0 = Debug|Any CPU
		{6F1C4E8A-ABFD-4FBA-9C9D-28F2672B1509}.Release|Any CPU.ActiveCfg = Release|Any CPU
		{6F1C4E8A-ABFD-4FBA-9C9D-28F2672B1509}.Release|Any CPU.Build.0 = Release|Any CPU
		{7B48FC27-8218-4990-9A06-ACFD9610D843}.Debug|Any CPU.ActiveCfg = Debug|Any CPU
		{7B48FC27-8218-4990-9A06-ACFD9610D843}.Debug|Any CPU.Build.0 = Debug|Any CPU
		{7B48FC27-8218-4990-9A06-ACFD9610D843}.Release|Any CPU.ActiveCfg = Release|Any CPU
		{7B48FC27-8218-4990-9A06-ACFD9610D843}.Release|Any CPU.Build.0 = Release|Any CPU
	EndGlobalSection
	GlobalSection(SolutionProperties) = preSolution
		HideSolutionNode = FALSE
	EndGlobalSection
	GlobalSection(ExtensibilityGlobals) = postSolution
		SolutionGuid = {4428BCA5-917F-42D0-A272-A0FD441311D7}
	EndGlobalSection
EndGlobal
